# @generated by Move, please check-in and do not edit manually.

[move]
version = 3
manifest_digest = "4591DC352414CB39A37A7F8784FBC6A7B894977886474F7800B3133EF5A4C0B1"
deps_digest = "F8BBB0CCB2491CA29A3DF03D6F92277A4F3574266507ACD77214D37ECA3F3082"
dependencies = [
  { id = "Sui", name = "Sui" },
]

[[move.package]]
id = "MoveStdlib"
source = { git = "https://github.com/MystenLabs/sui.git", rev = "framework/testnet", subdir = "crates/sui-framework/packages/move-stdlib" }

[[move.package]]
id = "Sui"
source = { git = "https://github.com/MystenLabs/sui.git", rev = "framework/testnet", subdir = "crates/sui-framework/packages/sui-framework" }

dependencies = [
  { id = "MoveStdlib", name = "MoveStdlib" },
]

[move.toolchain-version]
compiler-version = "1.45.0"
edition = "2024.beta"
flavor = "sui"

[env]

[env.testnet]
chain-id = "4c78adac"
original-published-id = "0xea9f5bec317fb55d0fa9894575ad3cefc30646da0be3c6ae57db74f70901d135"
latest-published-id = "0xea9f5bec317fb55d0fa9894575ad3cefc30646da0be3c6ae57db74f70901d135"
published-version = "1"
